{"SurveyEntry":{"SurveyID":"SV_097DArWlZCId250","SurveyName":"CAQ (ITA)","SurveyDescription":null,"SurveyOwnerID":"UR_6PBEXJqGKXOJVA2","SurveyBrandID":"unipadova","DivisionID":null,"SurveyLanguage":"IT","SurveyActiveResponseSet":"RS_b9QA1g4bx2rpRGK","SurveyStatus":"Inactive","SurveyStartDate":"0000-00-00 00:00:00","SurveyExpirationDate":"0000-00-00 00:00:00","SurveyCreationDate":"2026-03-24 08:34:52","CreatorID":"UR_6PBEXJqGKXOJVA2","LastModified":"2026-03-24 08:44:51","LastAccessed":"0000-00-00 00:00:00","LastActivated":"0000-00-00 00:00:00","Deleted":null},"SurveyElements":[{"SurveyID":"SV_097DArWlZCId250","Element":"BL","PrimaryAttribute":"Survey Blocks","SecondaryAttribute":null,"TertiaryAttribute":null,"Payload":{"0":{"Type":"Default","Description":"Introduzione\u00a0","ID":"BL_81dK3iUGz1jlYP4","BlockElements":[{"Type":"Question","QuestionID":"QID2"}],"Options":{"BlockLocking":"false","RandomizeQuestions":"false","BlockVisibility":"Expanded"}},"1":{"Type":"Trash","Description":"Domande eliminate nel cestino \/ inutilizzate","ID":"BL_ddr4YWBg88oUCh0","BlockElements":[]},"2":{"Type":"Standard","SubType":"","Description":"Arti visive (Pittura, scultura)","ID":"BL_cAzjDB06kLWUGV0","BlockElements":[{"Type":"Question","QuestionID":"QID6"},{"Type":"Question","QuestionID":"QID7"}],"Options":{"BlockLocking":"false","RandomizeQuestions":"false","BlockVisibility":"Expanded"}},"3":{"Type":"Standard","SubType":"","Description":"Musica","ID":"BL_5BmxkvrbnNvbv5c","BlockElements":[{"Type":"Question","QuestionID":"QID8"},{"Type":"Question","QuestionID":"QID9"}],"Options":{"BlockLocking":false,"RandomizeQuestions":"false","BlockVisibility":"Expanded"}},"4":{"Type":"Standard","SubType":"","Description":"Ballo","ID":"BL_dh5AGMUYaJRukRg","BlockElements":[{"Type":"Question","QuestionID":"QID10"},{"Type":"Question","QuestionID":"QID11"}],"Options":{"BlockLocking":false,"RandomizeQuestions":"false","BlockVisibility":"Expanded"}},"6":{"Type":"Standard","SubType":"","Description":"Scrittura creativa","ID":"BL_bwttrC1b5N8qpAa","BlockElements":[{"Type":"Question","QuestionID":"QID14"},{"Type":"Question","QuestionID":"QID15"}],"Options":{"BlockLocking":false,"RandomizeQuestions":"false","BlockVisibility":"Expanded"}},"7":{"Type":"Standard","SubType":"","Description":"Comicit\u00e0","ID":"BL_5zlLSuE8msAwOqy","BlockElements":[{"Type":"Question","QuestionID":"QID16"}],"Options":{"BlockLocking":false,"RandomizeQuestions":"false","BlockVisibility":"Expanded"}},"8":{"Type":"Standard","SubType":"","Description":"Invenzioni","ID":"BL_5jMb5u9VVS8Pl54","BlockElements":[{"Type":"Question","QuestionID":"QID18"},{"Type":"Question","QuestionID":"QID19"},{"Type":"Question","QuestionID":"QID20"}],"Options":{"BlockLocking":false,"RandomizeQuestions":"false","BlockVisibility":"Expanded"}},"9":{"Type":"Standard","SubType":"","Description":"Scoperte Scientifiche","ID":"BL_8oUiAW2xMcTGmoK","BlockElements":[{"Type":"Question","QuestionID":"QID23"},{"Type":"Question","QuestionID":"QID24"},{"Type":"Question","QuestionID":"QID25"},{"Type":"Question","QuestionID":"QID26"}],"Options":{"BlockLocking":false,"RandomizeQuestions":"false","BlockVisibility":"Expanded"}},"10":{"Type":"Standard","SubType":"","Description":"Teatro e film","ID":"BL_5pWa8K4YNvaat1k","BlockElements":[{"Type":"Question","QuestionID":"QID31"},{"Type":"Question","QuestionID":"QID32"}],"Options":{"BlockLocking":false,"RandomizeQuestions":"false","BlockVisibility":"Expanded"}},"11":{"Type":"Standard","SubType":"","Description":"Arti culinarie","ID":"BL_1zRUUhdA0AbZNXw","BlockElements":[{"Type":"Question","QuestionID":"QID33"},{"Type":"Question","QuestionID":"QID34"}],"Options":{"BlockLocking":false,"RandomizeQuestions":"false","BlockVisibility":"Expanded"}},"12":{"Type":"Standard","SubType":"","Description":"Riconoscimenti non menzionati","ID":"BL_74b0nwHMIsTOjQO","BlockElements":[{"Type":"Question","QuestionID":"QID35"}],"Options":{"BlockLocking":"false","RandomizeQuestions":"false","BlockVisibility":"Expanded"}},"13":{"Type":"Standard","SubType":"","Description":"Achitettura","ID":"BL_cTtSuutQItMutvg","BlockElements":[{"Type":"Question","QuestionID":"QID36"},{"Type":"Question","QuestionID":"QID37"}],"Options":{"BlockLocking":false,"RandomizeQuestions":"false","BlockVisibility":"Expanded"}},"14":{"Type":"Standard","SubType":"","Description":"Parte A ","ID":"BL_7V7Sytm6a5pkPMW","BlockElements":[{"Type":"Question","QuestionID":"QID38"}],"Options":{"BlockLocking":"false","RandomizeQuestions":"false","BlockVisibility":"Collapsed"}}}},{"SurveyID":"SV_097DArWlZCId250","Element":"FL","PrimaryAttribute":"Survey Flow","SecondaryAttribute":null,"TertiaryAttribute":null,"Payload":{"Type":"Root","FlowID":"FL_1","Flow":[{"Type":"Standard","ID":"BL_7V7Sytm6a5pkPMW","FlowID":"FL_22","Autofill":[]},{"Type":"Block","ID":"BL_81dK3iUGz1jlYP4","FlowID":"FL_2","Autofill":[]},{"Type":"Standard","ID":"BL_cAzjDB06kLWUGV0","FlowID":"FL_3","Autofill":[]},{"Type":"Standard","ID":"BL_5BmxkvrbnNvbv5c","FlowID":"FL_4","Autofill":[]},{"Type":"Standard","ID":"BL_dh5AGMUYaJRukRg","FlowID":"FL_5","Autofill":[]},{"Type":"Standard","ID":"BL_cTtSuutQItMutvg","FlowID":"FL_20","Autofill":[]},{"Type":"Standard","ID":"BL_bwttrC1b5N8qpAa","FlowID":"FL_7","Autofill":[]},{"Type":"Standard","ID":"BL_5zlLSuE8msAwOqy","FlowID":"FL_8","Autofill":[]},{"Type":"Standard","ID":"BL_5jMb5u9VVS8Pl54","FlowID":"FL_9","Autofill":[]},{"Type":"Standard","ID":"BL_8oUiAW2xMcTGmoK","FlowID":"FL_11","Autofill":[]},{"Type":"Standard","ID":"BL_5pWa8K4YNvaat1k","FlowID":"FL_15","Autofill":[]},{"Type":"Standard","ID":"BL_1zRUUhdA0AbZNXw","FlowID":"FL_16","Autofill":[]},{"Type":"Standard","ID":"BL_74b0nwHMIsTOjQO","FlowID":"FL_17","Autofill":[]},{"Type":"EndSurvey","FlowID":"FL_19"}],"Properties":{"Count":22}}},{"SurveyID":"SV_097DArWlZCId250","Element":"PL","PrimaryAttribute":"Preview Link","SecondaryAttribute":null,"TertiaryAttribute":null,"Payload":{"PreviewType":"Brand","PreviewID":"9d61a7ca-55cb-4722-b622-74608fcbf795"}},{"SurveyID":"SV_097DArWlZCId250","Element":"PROJ","PrimaryAttribute":"CORE","SecondaryAttribute":null,"TertiaryAttribute":"1.1.0","Payload":{"ProjectCategory":"CORE","SchemaVersion":"1.1.0"}},{"SurveyID":"SV_097DArWlZCId250","Element":"QC","PrimaryAttribute":"Survey Question Count","SecondaryAttribute":"38","TertiaryAttribute":null,"Payload":null},{"SurveyID":"SV_097DArWlZCId250","Element":"RS","PrimaryAttribute":"RS_b9QA1g4bx2rpRGK","SecondaryAttribute":null,"TertiaryAttribute":null,"Payload":null},{"SurveyID":"SV_097DArWlZCId250","Element":"SCO","PrimaryAttribute":"Scoring","SecondaryAttribute":null,"TertiaryAttribute":null,"Payload":{"ScoringCategories":[],"ScoringCategoryGroups":[],"ScoringSummaryCategory":null,"ScoringSummaryAfterQuestions":0,"ScoringSummaryAfterSurvey":0,"DefaultScoringCategory":null,"AutoScoringCategory":null}},{"SurveyID":"SV_097DArWlZCId250","Element":"SO","PrimaryAttribute":"Survey Options","SecondaryAttribute":null,"TertiaryAttribute":null,"Payload":{"BackButton":"false","SaveAndContinue":"true","SurveyProtection":"PublicSurvey","BallotBoxStuffingPrevention":"false","NoIndex":"Yes","SecureResponseFiles":"true","SurveyExpiration":"None","SurveyTermination":"DefaultMessage","Header":"","Footer":"","ProgressBarDisplay":"None","PartialData":"+1 week","ValidationMessage":"","PreviousButton":"<<","NextButton":">>","SurveyTitle":"Sondaggio Qualtrics | Qualtrics Experience Management","SkinLibrary":"unipadova","SkinType":"templated","Skin":{"brandingId":null,"templateId":"*2014","overrides":{"colors":{"primary":"#000000"}}},"NewScoring":1,"SurveyMetaDescription":"La modalit\u00e0 pi\u00f9 semplice, affidabile ed efficace per raccogliere i dati delle esperienze. Scopri Experience Management e prova subito un account gratuito.","SurveyName":"CAQ (ITA)"}},{"SurveyID":"SV_097DArWlZCId250","Element":"SQ","PrimaryAttribute":"QID10","SecondaryAttribute":"Ballo","TertiaryAttribute":null,"Payload":{"QuestionText":"<span style=\"font-size:22px;\">Ballo<\/span>","DefaultChoices":false,"QuestionType":"Matrix","Selector":"Likert","SubSelector":"MultipleAnswer","DataVisibility":{"Private":false,"Hidden":false},"Configuration":{"QuestionDescriptionOption":"UseText","TextPosition":"inline","ChoiceColumnWidth":25,"RepeatHeaders":"none","WhiteSpace":"OFF","MobileFirst":true,"ChoiceColumnWidthPixels":561},"QuestionDescription":"Ballo","Choices":{"1":{"Display":"Non ho nessuna formazione o talento riconosciuto in quest\u2019area (Passare alla sezione successiva)"},"2":{"Display":"Ho ballato con una compagnia di ballo riconosciuta"},"3":{"Display":"Ho creato una coreografia di un pezzo originale"},"4":{"Display":"La mia coreografia \u00e8 stata eseguita pubblicamente"},"5":{"Display":"Le mie abilit\u00e0 nella danza sono state discusse e criticate in una pubblicazione locale"},"6":{"Display":"Ho creato, a livello professionale, una coreografia"},"7":{"Display":"Le mie coreografie sono state riconosciute da pubblicazioni locali"}},"ChoiceOrder":[1,2,3,4,5,6,7],"Validation":{"Settings":{"ForceResponse":"OFF","Type":"None"}},"GradingData":[],"Language":[],"NextChoiceId":8,"NextAnswerId":3,"Answers":{"1":{"Display":"&nbsp;"}},"AnswerOrder":[1],"ChoiceDataExportTags":false,"QuestionText_Unsafe":"Fai clic per scrivere il testo della domanda","DataExportTag":"CAQ_3a","QuestionID":"QID10","DisplayLogic":{"0":{"0":{"ChoiceLocator":"q:\/\/QID38\/SelectableChoice\/3","Description":"<span class=\"ConjDesc\">Se<\/span> <span class=\"QuestionDesc\">Seleziona le aree in cui ti senti di possedere un maggiore talento o abilit\u00e0 rispetto alla persona media<\/span> <span class=\"LeftOpDesc\">Ballo<\/span> <span class=\"OpDesc\">\u00e8 selezionato<\/span> ","LeftOperand":"q:\/\/QID38\/SelectableChoice\/3","LogicType":"Question","Operator":"Selected","QuestionID":"QID38","QuestionIDFromLocator":"QID38","QuestionIsInLoop":"no","Type":"Expression"},"Type":"If"},"Type":"BooleanExpression","inPage":false}}},{"SurveyID":"SV_097DArWlZCId250","Element":"SQ","PrimaryAttribute":"QID11","SecondaryAttribute":"Le mie coreografie sono state riconosciute da pubblicazioni nazionali\u00a0* (Scrivere un numero)","TertiaryAttribute":null,"Payload":{"QuestionText":"<span style=\"font-size:16px;\">Le mie coreografie sono state riconosciute da pubblicazioni nazionali&nbsp;* (Scrivere un numero)<\/span>","DefaultChoices":false,"QuestionType":"TE","Selector":"SL","DataVisibility":{"Private":false,"Hidden":false},"Configuration":{"QuestionDescriptionOption":"UseText"},"QuestionDescription":"Le mie coreografie sono state riconosciute da pubblicazioni nazionali\u00a0* (Scrivere un numero)","Validation":{"Settings":{"ForceResponse":"OFF","Type":"None"}},"GradingData":[],"Language":[],"NextChoiceId":4,"NextAnswerId":1,"SearchSource":{"AllowFreeResponse":"false"},"QuestionText_Unsafe":"Il mio talento musicale \u00e8 stato discusso e criticato in una pubblicazione nazionale. (Scrivere un numero.)","DataExportTag":"CAQ_3b","QuestionID":"QID11","DisplayLogic":{"0":{"0":{"ChoiceLocator":"q:\/\/QID38\/SelectableChoice\/3","Description":"<span class=\"ConjDesc\">Se<\/span> <span class=\"QuestionDesc\">Seleziona le aree in cui ti senti di possedere un maggiore talento o abilit\u00e0 rispetto alla persona media<\/span> <span class=\"LeftOpDesc\">Ballo<\/span> <span class=\"OpDesc\">\u00e8 selezionato<\/span> ","LeftOperand":"q:\/\/QID38\/SelectableChoice\/3","LogicType":"Question","Operator":"Selected","QuestionID":"QID38","QuestionIDFromLocator":"QID38","QuestionIsInLoop":"no","Type":"Expression"},"Type":"If"},"Type":"BooleanExpression","inPage":false}}},{"SurveyID":"SV_097DArWlZCId250","Element":"SQ","PrimaryAttribute":"QID14","SecondaryAttribute":"Scrittura creativa","TertiaryAttribute":null,"Payload":{"QuestionText":"<span style=\"font-size:22px;\">Scrittura creativa<\/span>","DefaultChoices":false,"QuestionType":"Matrix","Selector":"Likert","SubSelector":"MultipleAnswer","DataVisibility":{"Private":false,"Hidden":false},"Configuration":{"QuestionDescriptionOption":"UseText","TextPosition":"inline","ChoiceColumnWidth":25,"RepeatHeaders":"none","WhiteSpace":"OFF","MobileFirst":true,"ChoiceColumnWidthPixels":573},"QuestionDescription":"Scrittura creativa","Choices":{"1":{"Display":"Non ho nessuna formazione o talento riconosciuto in quest\u2019area (Passare alla sezione successiva)"},"2":{"Display":"Ho scritto un testo originale breve (poesia o storia breve)"},"3":{"Display":"Il mio lavoro ha vinto un premio o riconoscimento"},"4":{"Display":"Ho scritto un testo originale lungo (epica, romanzo o opera teatrale)"},"5":{"Display":"Ho venduto il mio lavoro a un editore"},"6":{"Display":"Il mio lavoro \u00e8 stato stampato e venduto pubblicamente"},"7":{"Display":"Il mio lavoro \u00e8 stato recensito in pubblicazioni locali"}},"ChoiceOrder":[1,2,3,4,5,6,7],"Validation":{"Settings":{"ForceResponse":"OFF","Type":"None"}},"GradingData":[],"Language":[],"NextChoiceId":8,"NextAnswerId":3,"Answers":{"1":{"Display":"&nbsp;"}},"AnswerOrder":[1],"ChoiceDataExportTags":false,"QuestionText_Unsafe":"Fai clic per scrivere il testo della domanda","DataExportTag":"CAQ_5a","QuestionID":"QID14","DisplayLogic":{"0":{"0":{"ChoiceLocator":"q:\/\/QID38\/SelectableChoice\/5","Description":"<span class=\"ConjDesc\">Se<\/span> <span class=\"QuestionDesc\">Seleziona le aree in cui ti senti di possedere un maggiore talento o abilit\u00e0 rispetto alla persona media<\/span> <span class=\"LeftOpDesc\">Scrittura creativa<\/span> <span class=\"OpDesc\">\u00e8 selezionato<\/span> ","LeftOperand":"q:\/\/QID38\/SelectableChoice\/5","LogicType":"Question","Operator":"Selected","QuestionID":"QID38","QuestionIDFromLocator":"QID38","QuestionIsInLoop":"no","Type":"Expression"},"Type":"If"},"Type":"BooleanExpression","inPage":false}}},{"SurveyID":"SV_097DArWlZCId250","Element":"SQ","PrimaryAttribute":"QID15","SecondaryAttribute":"Il mio lavoro \u00e8 stato recensito in pubblicazioni nazionali\u00a0* (Scrivere un numero)","TertiaryAttribute":null,"Payload":{"QuestionText":"<span style=\"font-size:16px;\">Il mio lavoro \u00e8 stato recensito in pubblicazioni nazionali&nbsp;* (Scrivere un numero)<\/span>","DefaultChoices":false,"QuestionType":"TE","Selector":"SL","DataVisibility":{"Private":false,"Hidden":false},"Configuration":{"QuestionDescriptionOption":"UseText"},"QuestionDescription":"Il mio lavoro \u00e8 stato recensito in pubblicazioni nazionali\u00a0* (Scrivere un numero)","Validation":{"Settings":{"ForceResponse":"OFF","Type":"None"}},"GradingData":[],"Language":[],"NextChoiceId":4,"NextAnswerId":1,"SearchSource":{"AllowFreeResponse":"false"},"QuestionText_Unsafe":"I miei design architettonici sono stati riconosciuti in pubblicazioni locali. (Scrivere un numero.)","DataExportTag":"CAQ_5b","QuestionID":"QID15","DisplayLogic":{"0":{"0":{"LogicType":"Question","QuestionID":"QID38","QuestionIsInLoop":"no","ChoiceLocator":"q:\/\/QID38\/SelectableChoice\/5","Operator":"Selected","QuestionIDFromLocator":"QID38","LeftOperand":"q:\/\/QID38\/SelectableChoice\/5","Type":"Expression","Description":"<span class=\"ConjDesc\">Se<\/span> <span class=\"QuestionDesc\">Seleziona le aree in cui ti senti di possedere un maggiore talento o abilit\u00e0 rispetto alla person...<\/span> <span class=\"LeftOpDesc\">Scrittura creativa<\/span> <span class=\"OpDesc\">\u00e8 selezionato<\/span> "},"Type":"If"},"Type":"BooleanExpression","inPage":false}}},{"SurveyID":"SV_097DArWlZCId250","Element":"SQ","PrimaryAttribute":"QID16","SecondaryAttribute":"Comicit\u00e0","TertiaryAttribute":null,"Payload":{"QuestionText":"<span style=\"font-size:22px;\">Comicit&agrave;<\/span>","DefaultChoices":false,"QuestionType":"Matrix","Selector":"Likert","SubSelector":"MultipleAnswer","DataVisibility":{"Private":false,"Hidden":false},"Configuration":{"QuestionDescriptionOption":"UseText","TextPosition":"inline","ChoiceColumnWidth":25,"RepeatHeaders":"none","WhiteSpace":"OFF","MobileFirst":true,"ChoiceColumnWidthPixels":566},"QuestionDescription":"Comicit\u00e0","Choices":{"1":{"Display":"Non ho nessun talento riconosciuto in quest\u2019area (Passare alla sezione successiva)"},"2":{"Display":"Le persone hanno spesso commentato il mio senso dell\u2019umorismo originale"},"3":{"Display":"Ho fatto battute che sono regolarmente ripetute da altri"},"4":{"Display":"Ho scritto battute per altre persone"},"5":{"Display":"Ho scritto battute o fumetti umoristici che sono stati pubblicati"},"6":{"Display":"Ho lavorato come comico professionista"},"7":{"Display":"Ho lavorato come scrittore comico professionista"},"8":{"Display":"La mia comicit\u00e0 \u00e8 stata riconosciuta da pubblicazioni nazionali"}},"ChoiceOrder":[1,2,3,4,5,6,7,8],"Validation":{"Settings":{"ForceResponse":"OFF","Type":"None"}},"GradingData":[],"Language":[],"NextChoiceId":9,"NextAnswerId":3,"Answers":{"1":{"Display":"&nbsp;"}},"AnswerOrder":[1],"ChoiceDataExportTags":false,"QuestionText_Unsafe":"Fai clic per scrivere il testo della domanda","DataExportTag":"CAQ_6a","QuestionID":"QID16","DisplayLogic":{"0":{"0":{"ChoiceLocator":"q:\/\/QID38\/SelectableChoice\/6","Description":"<span class=\"ConjDesc\">Se<\/span> <span class=\"QuestionDesc\">Seleziona le aree in cui ti senti di possedere un maggiore talento o abilit\u00e0 rispetto alla persona media<\/span> <span class=\"LeftOpDesc\">Comicit\u00e0<\/span> <span class=\"OpDesc\">\u00e8 selezionato<\/span> ","LeftOperand":"q:\/\/QID38\/SelectableChoice\/6","LogicType":"Question","Operator":"Selected","QuestionID":"QID38","QuestionIDFromLocator":"QID38","QuestionIsInLoop":"no","Type":"Expression"},"Type":"If"},"Type":"BooleanExpression","inPage":false}}},{"SurveyID":"SV_097DArWlZCId250","Element":"SQ","PrimaryAttribute":"QID18","SecondaryAttribute":"Invenzioni","TertiaryAttribute":null,"Payload":{"QuestionText":"<span style=\"font-size:22px;\">Invenzioni<\/span>","DefaultChoices":false,"QuestionType":"Matrix","Selector":"Likert","SubSelector":"MultipleAnswer","DataVisibility":{"Private":false,"Hidden":false},"Configuration":{"QuestionDescriptionOption":"UseText","TextPosition":"inline","ChoiceColumnWidth":25,"RepeatHeaders":"none","WhiteSpace":"OFF","MobileFirst":true,"ChoiceColumnWidthPixels":567},"QuestionDescription":"Invenzioni","Choices":{"1":{"Display":"Non ho nessun talento riconosciuto in quest\u2019area"},"2":{"Display":"Trovo spesso usi innovativi per oggetti domestici"},"3":{"Display":"Ho abbozzato un' invenzione e lavorato sui suoi difetti di design"},"4":{"Display":"Ho creato un software originale per un computer"},"5":{"Display":"Ho creato un prototipo di una delle mie invenzioni"},"6":{"Display":"Ho venduto una delle mie invenzioni a persone che conosco"}},"ChoiceOrder":[1,2,3,4,5,6],"Validation":{"Settings":{"ForceResponse":"OFF","Type":"None"}},"GradingData":[],"Language":[],"NextChoiceId":7,"NextAnswerId":3,"Answers":{"1":{"Display":"&nbsp;"}},"AnswerOrder":[1],"ChoiceDataExportTags":false,"QuestionText_Unsafe":"Fai clic per scrivere il testo della domanda","DataExportTag":"CAQ_7a","QuestionID":"QID18","DisplayLogic":{"0":{"0":{"ChoiceLocator":"q:\/\/QID38\/SelectableChoice\/7","Description":"<span class=\"ConjDesc\">Se<\/span> <span class=\"QuestionDesc\">Seleziona le aree in cui ti senti di possedere un maggiore talento o abilit\u00e0 rispetto alla persona media<\/span> <span class=\"LeftOpDesc\">Invenzioni<\/span> <span class=\"OpDesc\">\u00e8 selezionato<\/span> ","LeftOperand":"q:\/\/QID38\/SelectableChoice\/7","LogicType":"Question","Operator":"Selected","QuestionID":"QID38","QuestionIDFromLocator":"QID38","QuestionIsInLoop":"no","Type":"Expression"},"Type":"If"},"Type":"BooleanExpression","inPage":false}}},{"SurveyID":"SV_097DArWlZCId250","Element":"SQ","PrimaryAttribute":"QID19","SecondaryAttribute":"Ho ricevuto un brevetto per una delle mie invenzioni\u00a0 *\u00a0(Scrivere un numero)","TertiaryAttribute":null,"Payload":{"QuestionText":"<span style=\"font-size:16px;\">Ho ricevuto un brevetto per una delle mie invenzioni&nbsp; *&nbsp;(Scrivere un numero)<\/span>","DefaultChoices":false,"QuestionType":"TE","Selector":"SL","DataVisibility":{"Private":false,"Hidden":false},"Configuration":{"QuestionDescriptionOption":"UseText"},"QuestionDescription":"Ho ricevuto un brevetto per una delle mie invenzioni\u00a0 *\u00a0(Scrivere un numero)","Validation":{"Settings":{"ForceResponse":"OFF","Type":"None"}},"GradingData":[],"Language":[],"NextChoiceId":4,"NextAnswerId":1,"SearchSource":{"AllowFreeResponse":"false"},"QuestionText_Unsafe":"Il mio lavoro \u00e8 stato recensito in pubblicazioni nazionali. (Scrivere un numero.)","DataExportTag":"CAQ_7b","QuestionID":"QID19","DisplayLogic":{"0":{"0":{"ChoiceLocator":"q:\/\/QID38\/SelectableChoice\/7","Description":"<span class=\"ConjDesc\">Se<\/span> <span class=\"QuestionDesc\">Seleziona le aree in cui ti senti di possedere un maggiore talento o abilit\u00e0 rispetto alla persona media<\/span> <span class=\"LeftOpDesc\">Invenzioni<\/span> <span class=\"OpDesc\">\u00e8 selezionato<\/span> ","LeftOperand":"q:\/\/QID38\/SelectableChoice\/7","LogicType":"Question","Operator":"Selected","QuestionID":"QID38","QuestionIDFromLocator":"QID38","QuestionIsInLoop":"no","Type":"Expression"},"Type":"If"},"Type":"BooleanExpression","inPage":false}}},{"SurveyID":"SV_097DArWlZCId250","Element":"SQ","PrimaryAttribute":"QID2","SecondaryAttribute":"Di seguito verranno poste delle affermazioni riguardanti diversi settori creativi. Per favore seg...","TertiaryAttribute":null,"Payload":{"QuestionText":"Di seguito verranno poste delle affermazioni riguardanti <strong>diversi settori creativi<\/strong>.<br>\nPer favore segna le affermazioni che si applicano a te.<br>\n<br>\nDi fianco alle affermazioni con un <strong>asterisco (*)<\/strong> scrivi la <strong>quantit\u00e0 di volte<\/strong> in cui l'affermazione si applica a te.","DefaultChoices":false,"DataExportTag":"CAQ_0_","QuestionType":"DB","Selector":"TB","DataVisibility":{"Private":false,"Hidden":false},"Configuration":{"QuestionDescriptionOption":"UseText"},"QuestionDescription":"Di seguito verranno poste delle affermazioni riguardanti diversi settori creativi. Per favore seg...","ChoiceOrder":[],"Validation":{"Settings":{"Type":"None"}},"GradingData":[],"Language":[],"NextChoiceId":4,"NextAnswerId":1,"QuestionID":"QID2"}},{"SurveyID":"SV_097DArWlZCId250","Element":"SQ","PrimaryAttribute":"QID20","SecondaryAttribute":"Ho venduto una delle mie invenzioni a un'azienda manifatturiera\u00a0* (Scrivere un numero)","TertiaryAttribute":null,"Payload":{"QuestionText":"<span style=\"font-size:16px;\">Ho venduto una delle mie invenzioni a un'azienda manifatturiera&nbsp;* (Scrivere un numero)<\/span>","DefaultChoices":false,"DataExportTag":"CAQ_7c","QuestionType":"TE","Selector":"SL","DataVisibility":{"Private":false,"Hidden":false},"Configuration":{"QuestionDescriptionOption":"UseText"},"QuestionDescription":"Ho venduto una delle mie invenzioni a un'azienda manifatturiera\u00a0* (Scrivere un numero)","Validation":{"Settings":{"ForceResponse":"OFF","Type":"None"}},"GradingData":[],"Language":[],"NextChoiceId":4,"NextAnswerId":1,"SearchSource":{"AllowFreeResponse":"false"},"QuestionID":"QID20","DisplayLogic":{"0":{"0":{"ChoiceLocator":"q:\/\/QID38\/SelectableChoice\/7","Description":"<span class=\"ConjDesc\">Se<\/span> <span class=\"QuestionDesc\">Seleziona le aree in cui ti senti di possedere un maggiore talento o abilit\u00e0 rispetto alla persona media<\/span> <span class=\"LeftOpDesc\">Invenzioni<\/span> <span class=\"OpDesc\">\u00e8 selezionato<\/span> ","LeftOperand":"q:\/\/QID38\/SelectableChoice\/7","LogicType":"Question","Operator":"Selected","QuestionID":"QID38","QuestionIDFromLocator":"QID38","QuestionIsInLoop":"no","Type":"Expression"},"Type":"If"},"Type":"BooleanExpression","inPage":false}}},{"SurveyID":"SV_097DArWlZCId250","Element":"SQ","PrimaryAttribute":"QID23","SecondaryAttribute":"Scoperte Scientifiche","TertiaryAttribute":null,"Payload":{"QuestionText":"<span style=\"font-size:22px;\">Scoperte Scientifiche<\/span>","DefaultChoices":false,"QuestionType":"Matrix","Selector":"Likert","SubSelector":"MultipleAnswer","DataVisibility":{"Private":false,"Hidden":false},"Configuration":{"QuestionDescriptionOption":"UseText","TextPosition":"inline","ChoiceColumnWidth":25,"RepeatHeaders":"none","WhiteSpace":"OFF","MobileFirst":true,"ChoiceColumnWidthPixels":571},"QuestionDescription":"Scoperte Scientifiche","Choices":{"1":{"Display":"Non ho nessuna formazione o talento riconosciuto in quest\u2019area (Passare alla sezione successiva)"},"2":{"Display":"Penso spesso a modi in cui i problemi scientifici possono essere risolti"},"3":{"Display":"Ho vinto un premio a una fiera scientifica o ad altre competizioni locali"},"4":{"Display":"Ho ricevuto una borsa di studio per il mio lavoro nella scienza o la medicina"},"5":{"Display":"Sono stato autore o coautore di uno studio pubblicato su un giornale scientifico"}},"ChoiceOrder":[1,2,3,4,5],"Validation":{"Settings":{"ForceResponse":"OFF","Type":"None"}},"GradingData":[],"Language":{"EN":[]},"NextChoiceId":6,"NextAnswerId":3,"Answers":{"1":{"Display":"&nbsp;"}},"AnswerOrder":[1],"ChoiceDataExportTags":false,"QuestionText_Unsafe":"Fai clic per scrivere il testo della domanda","DataExportTag":"CAQ_8a","QuestionID":"QID23","DisplayLogic":{"0":{"0":{"ChoiceLocator":"q:\/\/QID38\/SelectableChoice\/8","Description":"<span class=\"ConjDesc\">Se<\/span> <span class=\"QuestionDesc\">Seleziona le aree in cui ti senti di possedere un maggiore talento o abilit\u00e0 rispetto alla persona media<\/span> <span class=\"LeftOpDesc\">Scoperte scientifiche<\/span> <span class=\"OpDesc\">\u00e8 selezionato<\/span> ","LeftOperand":"q:\/\/QID38\/SelectableChoice\/8","LogicType":"Question","Operator":"Selected","QuestionID":"QID38","QuestionIDFromLocator":"QID38","QuestionIsInLoop":"no","Type":"Expression"},"Type":"If"},"Type":"BooleanExpression","inPage":false}}},{"SurveyID":"SV_097DArWlZCId250","Element":"SQ","PrimaryAttribute":"QID24","SecondaryAttribute":"Ho vinto un premio a livello nazionale nel campo della scienza o della medicina\u00a0*\u00a0(Scrivere un nu.","TertiaryAttribute":null,"Payload":{"QuestionText":"<span style=\"font-size:16px;\">Ho vinto un premio a livello nazionale nel campo della scienza o della medicina&nbsp;*&nbsp;(Scrivere un numero)<\/span>","DefaultChoices":false,"QuestionType":"TE","Selector":"SL","DataVisibility":{"Private":false,"Hidden":false},"Configuration":{"QuestionDescriptionOption":"UseText"},"QuestionDescription":"Ho vinto un premio a livello nazionale nel campo della scienza o della medicina\u00a0*\u00a0(Scrivere un nu...","Validation":{"Settings":{"ForceResponse":"OFF","Type":"None"}},"GradingData":[],"Language":[],"NextChoiceId":4,"NextAnswerId":1,"SearchSource":{"AllowFreeResponse":"false"},"QuestionText_Unsafe":"Il mio lavoro \u00e8 stato recensito in pubblicazioni nazionali. (Scrivere un numero.)","DataExportTag":"CAQ_8b","QuestionID":"QID24","DisplayLogic":{"0":{"0":{"ChoiceLocator":"q:\/\/QID38\/SelectableChoice\/8","Description":"<span class=\"ConjDesc\">Se<\/span> <span class=\"QuestionDesc\">Seleziona le aree in cui ti senti di possedere un maggiore talento o abilit\u00e0 rispetto alla persona media<\/span> <span class=\"LeftOpDesc\">Scoperte scientifiche<\/span> <span class=\"OpDesc\">\u00e8 selezionato<\/span> ","LeftOperand":"q:\/\/QID38\/SelectableChoice\/8","LogicType":"Question","Operator":"Selected","QuestionID":"QID38","QuestionIDFromLocator":"QID38","QuestionIsInLoop":"no","Type":"Expression"},"Type":"If"},"Type":"BooleanExpression","inPage":false}}},{"SurveyID":"SV_097DArWlZCId250","Element":"SQ","PrimaryAttribute":"QID25","SecondaryAttribute":"Ho ricevuto una sovvenzione per proseguire il mio lavoro nella scienza o medicina * (Scrivere un...","TertiaryAttribute":null,"Payload":{"QuestionText":"<span style=\"font-size:16px;\">Ho ricevuto una sovvenzione per proseguire il mio lavoro nella scienza o medicina * (Scrivere un numero)<\/span>","DefaultChoices":false,"DataExportTag":"CAQ_8c","QuestionType":"TE","Selector":"SL","DataVisibility":{"Private":false,"Hidden":false},"Configuration":{"QuestionDescriptionOption":"UseText"},"QuestionDescription":"Ho ricevuto una sovvenzione per proseguire il mio lavoro nella scienza o medicina * (Scrivere un...","Validation":{"Settings":{"ForceResponse":"OFF","Type":"None"}},"GradingData":[],"Language":[],"NextChoiceId":4,"NextAnswerId":1,"SearchSource":{"AllowFreeResponse":"false"},"QuestionID":"QID25","DisplayLogic":{"0":{"0":{"ChoiceLocator":"q:\/\/QID38\/SelectableChoice\/8","Description":"<span class=\"ConjDesc\">Se<\/span> <span class=\"QuestionDesc\">Seleziona le aree in cui ti senti di possedere un maggiore talento o abilit\u00e0 rispetto alla persona media<\/span> <span class=\"LeftOpDesc\">Scoperte scientifiche<\/span> <span class=\"OpDesc\">\u00e8 selezionato<\/span> ","LeftOperand":"q:\/\/QID38\/SelectableChoice\/8","LogicType":"Question","Operator":"Selected","QuestionID":"QID38","QuestionIDFromLocator":"QID38","QuestionIsInLoop":"no","Type":"Expression"},"Type":"If"},"Type":"BooleanExpression","inPage":false}}},{"SurveyID":"SV_097DArWlZCId250","Element":"SQ","PrimaryAttribute":"QID26","SecondaryAttribute":" ","TertiaryAttribute":null,"Payload":{"QuestionText":"&nbsp;","DefaultChoices":false,"DataExportTag":"CAQ_8d","QuestionType":"Matrix","Selector":"Likert","SubSelector":"MultipleAnswer","DataVisibility":{"Private":false,"Hidden":false},"Configuration":{"QuestionDescriptionOption":"UseText","TextPosition":"inline","ChoiceColumnWidth":25,"ChoiceColumnWidthPixels":604,"RepeatHeaders":"none","WhiteSpace":"OFF","MobileFirst":true},"QuestionDescription":" ","Choices":{"1":{"Display":"Il mio lavoro \u00e8 stato citato da altri scienziati in pubblicazioni nazionali"}},"ChoiceOrder":[1],"Validation":{"Settings":{"ForceResponse":"OFF","Type":"None"}},"GradingData":[],"Language":[],"NextChoiceId":2,"NextAnswerId":3,"Answers":{"1":{"Display":"&nbsp;"}},"AnswerOrder":[1],"ChoiceDataExportTags":false,"QuestionID":"QID26","DisplayLogic":{"0":{"0":{"ChoiceLocator":"q:\/\/QID38\/SelectableChoice\/8","Description":"<span class=\"ConjDesc\">Se<\/span> <span class=\"QuestionDesc\">Seleziona le aree in cui ti senti di possedere un maggiore talento o abilit\u00e0 rispetto alla persona media<\/span> <span class=\"LeftOpDesc\">Scoperte scientifiche<\/span> <span class=\"OpDesc\">\u00e8 selezionato<\/span> ","LeftOperand":"q:\/\/QID38\/SelectableChoice\/8","LogicType":"Question","Operator":"Selected","QuestionID":"QID38","QuestionIDFromLocator":"QID38","QuestionIsInLoop":"no","Type":"Expression"},"Type":"If"},"Type":"BooleanExpression","inPage":false}}},{"SurveyID":"SV_097DArWlZCId250","Element":"SQ","PrimaryAttribute":"QID31","SecondaryAttribute":"Teatro e film","TertiaryAttribute":null,"Payload":{"QuestionText":"<span style=\"font-size:22px;\">Teatro e film<\/span>","DefaultChoices":false,"QuestionType":"Matrix","Selector":"Likert","SubSelector":"MultipleAnswer","DataVisibility":{"Private":false,"Hidden":false},"Configuration":{"QuestionDescriptionOption":"UseText","TextPosition":"inline","ChoiceColumnWidth":25,"RepeatHeaders":"none","WhiteSpace":"OFF","MobileFirst":true,"ChoiceColumnWidthPixels":608},"QuestionDescription":"Teatro e film","Choices":{"1":{"Display":"Non ho nessuna formazione o talento riconosciuto in quest\u2019area (Passare alla sezione successiva)"},"2":{"Display":"Ho recitato a teatro o in un film"},"3":{"Display":"Le mie abilit\u00e0 attoriali sono state riconosciute in pubblicazioni locali"},"4":{"Display":"Ho diretto o prodotto una produzione teatrale o cinematografica"},"5":{"Display":"Ho vinto un premio o riconoscimento per la recitazione a teatro o in un film"},"6":{"Display":"Sono stato pagato per recitare a teatro o in un film"},"7":{"Display":"Sono stato pagato per dirigere una produzione teatrale o cinematografico"}},"ChoiceOrder":[1,2,3,4,5,6,7],"Validation":{"Settings":{"ForceResponse":"OFF","Type":"None"}},"GradingData":[],"Language":[],"NextChoiceId":8,"NextAnswerId":3,"Answers":{"1":{"Display":"&nbsp;"}},"AnswerOrder":[1],"ChoiceDataExportTags":false,"QuestionText_Unsafe":"Fai clic per scrivere il testo della domanda","DataExportTag":"CAQ_9a","QuestionID":"QID31","DisplayLogic":{"0":{"0":{"ChoiceLocator":"q:\/\/QID38\/SelectableChoice\/9","Description":"<span class=\"ConjDesc\">Se<\/span> <span class=\"QuestionDesc\">Seleziona le aree in cui ti senti di possedere un maggiore talento o abilit\u00e0 rispetto alla persona media<\/span> <span class=\"LeftOpDesc\">Teatro e film<\/span> <span class=\"OpDesc\">\u00e8 selezionato<\/span> ","LeftOperand":"q:\/\/QID38\/SelectableChoice\/9","LogicType":"Question","Operator":"Selected","QuestionID":"QID38","QuestionIDFromLocator":"QID38","QuestionIsInLoop":"no","Type":"Expression"},"Type":"If"},"Type":"BooleanExpression","inPage":false}}},{"SurveyID":"SV_097DArWlZCId250","Element":"SQ","PrimaryAttribute":"QID32","SecondaryAttribute":"Il mio lavoro \u00e8 stato riconosciuto in una pubblicazione nazionale\u00a0* (Scrivere un numero)","TertiaryAttribute":null,"Payload":{"QuestionText":"<span style=\"font-size:16px;\">Il mio lavoro \u00e8 stato riconosciuto in una pubblicazione nazionale&nbsp;* (Scrivere un numero)<\/span>","DefaultChoices":false,"QuestionType":"TE","Selector":"SL","DataVisibility":{"Private":false,"Hidden":false},"Configuration":{"QuestionDescriptionOption":"UseText"},"QuestionDescription":"Il mio lavoro \u00e8 stato riconosciuto in una pubblicazione nazionale\u00a0* (Scrivere un numero)","Validation":{"Settings":{"ForceResponse":"OFF","Type":"None"}},"GradingData":[],"Language":[],"NextChoiceId":4,"NextAnswerId":1,"SearchSource":{"AllowFreeResponse":"false"},"QuestionText_Unsafe":"Le mie coreografie sono state riconosciute da pubblicazioni nazionali.  (Scrivere un numero.)","DataExportTag":"CAQ_9b","QuestionID":"QID32","DisplayLogic":{"0":{"0":{"ChoiceLocator":"q:\/\/QID38\/SelectableChoice\/9","Description":"<span class=\"ConjDesc\">Se<\/span> <span class=\"QuestionDesc\">Seleziona le aree in cui ti senti di possedere un maggiore talento o abilit\u00e0 rispetto alla persona media<\/span> <span class=\"LeftOpDesc\">Teatro e film<\/span> <span class=\"OpDesc\">\u00e8 selezionato<\/span> ","LeftOperand":"q:\/\/QID38\/SelectableChoice\/9","LogicType":"Question","Operator":"Selected","QuestionID":"QID38","QuestionIDFromLocator":"QID38","QuestionIsInLoop":"no","Type":"Expression"},"Type":"If"},"Type":"BooleanExpression","inPage":false}}},{"SurveyID":"SV_097DArWlZCId250","Element":"SQ","PrimaryAttribute":"QID33","SecondaryAttribute":"Arti culinarie","TertiaryAttribute":null,"Payload":{"QuestionText":"<span style=\"font-size:22px;\">Arti culinarie<\/span>","DefaultChoices":false,"QuestionType":"Matrix","Selector":"Likert","SubSelector":"MultipleAnswer","DataVisibility":{"Private":false,"Hidden":false},"Configuration":{"QuestionDescriptionOption":"UseText","TextPosition":"inline","ChoiceColumnWidth":25,"RepeatHeaders":"none","WhiteSpace":"OFF","MobileFirst":true,"ChoiceColumnWidthPixels":587},"QuestionDescription":"Arti culinarie","Choices":{"1":{"Display":"Non ho nessuna formazione o talento riconosciuto in quest\u2019area"},"2":{"Display":"Sperimento spesso con le ricette"},"3":{"Display":"Le mie ricette sono state pubblicate in libri di cucina locali"},"4":{"Display":"Le mie ricette sono state usate in ristoranti o altri locali pubblici"},"5":{"Display":"Mi \u00e8 stato chiesto di preparare cibo per celebrit\u00e0 o dignitari"},"6":{"Display":"Le mie ricette hanno vinto un premio o un riconoscimento"},"7":{"Display":"Ho ricevute una laurea in arti culinarie"}},"ChoiceOrder":[1,2,3,4,5,6,7],"Validation":{"Settings":{"ForceResponse":"OFF","Type":"None"}},"GradingData":[],"Language":[],"NextChoiceId":8,"NextAnswerId":3,"Answers":{"1":{"Display":"&nbsp;"}},"AnswerOrder":[1],"ChoiceDataExportTags":false,"QuestionText_Unsafe":"Fai clic per scrivere il testo della domanda","DataExportTag":"CAQ_10a","QuestionID":"QID33","DisplayLogic":{"0":{"0":{"ChoiceLocator":"q:\/\/QID38\/SelectableChoice\/10","Description":"<span class=\"ConjDesc\">Se<\/span> <span class=\"QuestionDesc\">Seleziona le aree in cui ti senti di possedere un maggiore talento o abilit\u00e0 rispetto alla persona media<\/span> <span class=\"LeftOpDesc\">Arti culinarie<\/span> <span class=\"OpDesc\">\u00e8 selezionato<\/span> ","LeftOperand":"q:\/\/QID38\/SelectableChoice\/10","LogicType":"Question","Operator":"Selected","QuestionID":"QID38","QuestionIDFromLocator":"QID38","QuestionIsInLoop":"no","Type":"Expression"},"Type":"If"},"Type":"BooleanExpression","inPage":false}}},{"SurveyID":"SV_097DArWlZCId250","Element":"SQ","PrimaryAttribute":"QID34","SecondaryAttribute":"Le mie ricette sono state pubblicate a livello nazionale * (Scrivere un numero)","TertiaryAttribute":null,"Payload":{"QuestionText":"<span style=\"font-size:16px;\">Le mie ricette sono state pubblicate a livello nazionale * (Scrivere un numero)<\/span>","DefaultChoices":false,"QuestionType":"TE","Selector":"SL","DataVisibility":{"Private":false,"Hidden":false},"Configuration":{"QuestionDescriptionOption":"UseText"},"QuestionDescription":"Le mie ricette sono state pubblicate a livello nazionale * (Scrivere un numero)","Validation":{"Settings":{"ForceResponse":"OFF","Type":"None"}},"GradingData":[],"Language":[],"NextChoiceId":4,"NextAnswerId":1,"SearchSource":{"AllowFreeResponse":"false"},"QuestionText_Unsafe":"Il mio lavoro \u00e8 stato riconosciuto in una pubblicazione nazionale (Scrivere un numero.)","DataExportTag":"CAQ_10b","QuestionID":"QID34","DisplayLogic":{"0":{"0":{"ChoiceLocator":"q:\/\/QID38\/SelectableChoice\/10","Description":"<span class=\"ConjDesc\">Se<\/span> <span class=\"QuestionDesc\">Seleziona le aree in cui ti senti di possedere un maggiore talento o abilit\u00e0 rispetto alla persona media<\/span> <span class=\"LeftOpDesc\">Arti culinarie<\/span> <span class=\"OpDesc\">\u00e8 selezionato<\/span> ","LeftOperand":"q:\/\/QID38\/SelectableChoice\/10","LogicType":"Question","Operator":"Selected","QuestionID":"QID38","QuestionIDFromLocator":"QID38","QuestionIsInLoop":"no","Type":"Expression"},"Type":"If"},"Type":"BooleanExpression","inPage":false}}},{"SurveyID":"SV_097DArWlZCId250","Element":"SQ","PrimaryAttribute":"QID35","SecondaryAttribute":"Per favore elencare altri risultati\/riconoscimenti creativi non menzionati sopra","TertiaryAttribute":null,"Payload":{"QuestionText":"<span style=\"font-size:16px;\">Per favore elencare altri risultati\/riconoscimenti creativi non menzionati sopra<\/span>","DefaultChoices":false,"DataExportTag":"CAQ_11a","QuestionType":"TE","Selector":"SL","DataVisibility":{"Private":false,"Hidden":false},"Configuration":{"QuestionDescriptionOption":"UseText"},"QuestionDescription":"Per favore elencare altri risultati\/riconoscimenti creativi non menzionati sopra","Validation":{"Settings":{"ForceResponse":"OFF","Type":"None"}},"GradingData":[],"Language":[],"NextChoiceId":4,"NextAnswerId":1,"SearchSource":{"AllowFreeResponse":"false"},"QuestionID":"QID35"}},{"SurveyID":"SV_097DArWlZCId250","Element":"SQ","PrimaryAttribute":"QID36","SecondaryAttribute":"Architettura","TertiaryAttribute":null,"Payload":{"QuestionText":"<span style=\"font-size:22px;\">Architettura<\/span>","DefaultChoices":false,"QuestionType":"Matrix","Selector":"Likert","SubSelector":"MultipleAnswer","DataVisibility":{"Private":false,"Hidden":false},"Configuration":{"QuestionDescriptionOption":"UseText","TextPosition":"inline","ChoiceColumnWidth":25,"RepeatHeaders":"none","WhiteSpace":"OFF","MobileFirst":true,"ChoiceColumnWidthPixels":561},"QuestionDescription":"Architettura","Choices":{"1":{"Display":"Non ho nessuna formazione o talento riconosciuto in quest\u2019area (Passare alla sezione successiva)"},"2":{"Display":"Ho progettato una struttura originale"},"3":{"Display":"Una struttura che ho progettato \u00e8 stata costruita"},"4":{"Display":"Ho venduto un design architettonico originale"},"5":{"Display":"Una struttura che ho progettato e venduto \u00e8 stata costruita"},"6":{"Display":"Un mio progetto architettonico ha vinto uno o pi\u00f9 premi"},"7":{"Display":"Un mio progetto architettonico \u00e8 stato riconosciuto in pubblicazioni locali"}},"ChoiceOrder":[1,2,3,4,5,6,7],"Validation":{"Settings":{"ForceResponse":"OFF","Type":"None"}},"GradingData":[],"Language":[],"NextChoiceId":8,"NextAnswerId":3,"Answers":{"1":{"Display":"&nbsp;"}},"AnswerOrder":[1],"ChoiceDataExportTags":false,"QuestionText_Unsafe":"Ballo","DataExportTag":"CAQ_4a","QuestionID":"QID36","DisplayLogic":{"0":{"0":{"ChoiceLocator":"q:\/\/QID38\/SelectableChoice\/4","Description":"<span class=\"ConjDesc\">Se<\/span> <span class=\"QuestionDesc\">Seleziona le aree in cui ti senti di possedere un maggiore talento o abilit\u00e0 rispetto alla persona media<\/span> <span class=\"LeftOpDesc\">Architettura<\/span> <span class=\"OpDesc\">\u00e8 selezionato<\/span> ","LeftOperand":"q:\/\/QID38\/SelectableChoice\/4","LogicType":"Question","Operator":"Selected","QuestionID":"QID38","QuestionIDFromLocator":"QID38","QuestionIsInLoop":"no","Type":"Expression"},"Type":"If"},"Type":"BooleanExpression","inPage":false}}},{"SurveyID":"SV_097DArWlZCId250","Element":"SQ","PrimaryAttribute":"QID37","SecondaryAttribute":"Un mio progetto architettonico \u00e8 stato riconosciuto in pubblicazioni nazionali * (Scrivere un num..","TertiaryAttribute":null,"Payload":{"QuestionText":"Un mio progetto architettonico \u00e8 stato riconosciuto in pubblicazioni nazionali&nbsp;* (Scrivere un numero)","DefaultChoices":false,"QuestionType":"TE","Selector":"SL","DataVisibility":{"Private":false,"Hidden":false},"Configuration":{"QuestionDescriptionOption":"UseText"},"QuestionDescription":"Un mio progetto architettonico \u00e8 stato riconosciuto in pubblicazioni nazionali * (Scrivere un num...","Validation":{"Settings":{"ForceResponse":"OFF","Type":"None"}},"GradingData":[],"Language":[],"NextChoiceId":4,"NextAnswerId":1,"SearchSource":{"AllowFreeResponse":"false"},"QuestionText_Unsafe":"<span style=\"font-size:16px;\">Le mie coreografie sono state riconosciute da pubblicazioni nazionali (Scrivere un numero)<\/span>","DataExportTag":"CAQ_4b","QuestionID":"QID37","DisplayLogic":{"0":{"0":{"ChoiceLocator":"q:\/\/QID38\/SelectableChoice\/4","Description":"<span class=\"ConjDesc\">Se<\/span> <span class=\"QuestionDesc\">Seleziona le aree in cui ti senti di possedere un maggiore talento o abilit\u00e0 rispetto alla persona media<\/span> <span class=\"LeftOpDesc\">Architettura<\/span> <span class=\"OpDesc\">\u00e8 selezionato<\/span> ","LeftOperand":"q:\/\/QID38\/SelectableChoice\/4","LogicType":"Question","Operator":"Selected","QuestionID":"QID38","QuestionIDFromLocator":"QID38","QuestionIsInLoop":"no","Type":"Expression"},"Type":"If"},"Type":"BooleanExpression","inPage":false}}},{"SurveyID":"SV_097DArWlZCId250","Element":"SQ","PrimaryAttribute":"QID38","SecondaryAttribute":"Seleziona le aree in cui ti senti di possedere un maggiore talento o abilit\u00e0 rispetto alla person..","TertiaryAttribute":null,"Payload":{"QuestionText":"Seleziona le aree in cui ti senti di possedere un maggiore talento o abilit\u00e0 rispetto alla persona media","DefaultChoices":false,"DataExportTag":"CAQ_A","QuestionType":"MC","Selector":"MAVR","SubSelector":"TX","DataVisibility":{"Private":false,"Hidden":false},"Configuration":{"QuestionDescriptionOption":"UseText"},"QuestionDescription":"Seleziona le aree in cui ti senti di possedere un maggiore talento o abilit\u00e0 rispetto alla person...","Choices":{"1":{"Display":"Arti visive"},"2":{"Display":"Musica"},"3":{"Display":"Ballo"},"4":{"Display":"Architettura"},"5":{"Display":"Scrittura creativa"},"6":{"Display":"Comicit\u00e0"},"7":{"Display":"Invenzioni"},"8":{"Display":"Scoperte scientifiche"},"9":{"Display":"Teatro e film"},"10":{"Display":"Arti culinarie"}},"ChoiceOrder":["1","2","3","4","5","6","7","8","9","10"],"Validation":{"Settings":{"ForceResponse":"OFF","ForceResponseType":"ON","Type":"None"}},"GradingData":[],"Language":[],"NextChoiceId":11,"NextAnswerId":1,"QuestionID":"QID38"}},{"SurveyID":"SV_097DArWlZCId250","Element":"SQ","PrimaryAttribute":"QID6","SecondaryAttribute":"Arti visive (Pittura, scultura)","TertiaryAttribute":null,"Payload":{"QuestionText":"<span style=\"font-size:22px;\">Arti visive (Pittura, scultura)<\/span>","DefaultChoices":false,"DataExportTag":"CAQ_1a","QuestionType":"Matrix","Selector":"Likert","DataVisibility":{"Private":false,"Hidden":false},"Configuration":{"QuestionDescriptionOption":"UseText","TextPosition":"inline","ChoiceColumnWidth":25,"RepeatHeaders":"none","MobileFirst":true,"ChoiceColumnWidthPixels":580,"WhiteSpace":"OFF"},"QuestionDescription":"Arti visive (Pittura, scultura)","Choices":{"1":{"Display":"Non ho nessuna formazione o talento riconosciuto in quest\u2019area (Passare alla sezione successiva)"},"2":{"Display":"Ho preso lezioni in questo settore"},"3":{"Display":"Le persone hanno commentato il mio talento in questo settore"},"4":{"Display":"Ho vinto uno o pi\u00f9 premi in una competizione con una giuria"},"5":{"Display":"Ho preso parte a una mostra in una galleria d\u2019arte"},"6":{"Display":"Ho venduto un mio lavoro"},"7":{"Display":"Il mio lavoro \u00e8 stato discusso e criticato in pubblicazioni locali"}},"ChoiceOrder":[1,2,3,4,5,6,7],"Validation":{"Settings":{"ForceResponse":"OFF","Type":"None"}},"GradingData":[],"Language":[],"NextChoiceId":8,"NextAnswerId":4,"Answers":{"3":{"Display":"&nbsp;"}},"AnswerOrder":["3"],"ChoiceDataExportTags":false,"QuestionID":"QID6","AnswerColumns":2,"SubSelector":"MultipleAnswer","DisplayLogic":{"0":{"0":{"ChoiceLocator":"q:\/\/QID38\/SelectableChoice\/1","Description":"<span class=\"ConjDesc\">Se<\/span> <span class=\"QuestionDesc\">Seleziona le aree in cui ti senti di possedere un maggiore talento o abilit\u00e0 rispetto alla persona media<\/span> <span class=\"LeftOpDesc\">Arti visive<\/span> <span class=\"OpDesc\">\u00e8 selezionato<\/span> ","LeftOperand":"q:\/\/QID38\/SelectableChoice\/1","LogicType":"Question","Operator":"Selected","QuestionID":"QID38","QuestionIDFromLocator":"QID38","QuestionIsInLoop":"no","Type":"Expression"},"Type":"If"},"Type":"BooleanExpression","inPage":false}}},{"SurveyID":"SV_097DArWlZCId250","Element":"SQ","PrimaryAttribute":"QID7","SecondaryAttribute":"Il mio lavoro \u00e8 stato discusso e criticato in pubblicazioni nazionali * (Scrivere un numero)","TertiaryAttribute":null,"Payload":{"QuestionText":"<span style=\"font-size:16px;\">Il mio lavoro \u00e8 stato discusso e criticato in pubblicazioni nazionali * (Scrivere un numero)<\/span>","DefaultChoices":false,"DataExportTag":"CAQ_1b","QuestionID":"QID7","QuestionType":"TE","Selector":"SL","DataVisibility":{"Private":false,"Hidden":false},"Configuration":{"QuestionDescriptionOption":"UseText"},"QuestionDescription":"Il mio lavoro \u00e8 stato discusso e criticato in pubblicazioni nazionali * (Scrivere un numero)","DisplayLogic":{"0":{"0":{"ChoiceLocator":"q:\/\/QID38\/SelectableChoice\/1","Description":"<span class=\"ConjDesc\">Se<\/span> <span class=\"QuestionDesc\">Seleziona le aree in cui ti senti di possedere un maggiore talento o abilit\u00e0 rispetto alla persona media<\/span> <span class=\"LeftOpDesc\">Arti visive<\/span> <span class=\"OpDesc\">\u00e8 selezionato<\/span> ","LeftOperand":"q:\/\/QID38\/SelectableChoice\/1","LogicType":"Question","Operator":"Selected","QuestionID":"QID38","QuestionIDFromLocator":"QID38","QuestionIsInLoop":"no","Type":"Expression"},"Type":"If"},"Type":"BooleanExpression","inPage":false},"Validation":{"Settings":{"ForceResponse":"OFF","Type":"None"}},"GradingData":[],"Language":[],"NextChoiceId":5,"NextAnswerId":1,"SearchSource":{"AllowFreeResponse":"false"}}},{"SurveyID":"SV_097DArWlZCId250","Element":"SQ","PrimaryAttribute":"QID8","SecondaryAttribute":"Musica","TertiaryAttribute":null,"Payload":{"QuestionText":"<span style=\"font-size:22px;\">Musica<\/span>","DefaultChoices":false,"QuestionType":"Matrix","Selector":"Likert","SubSelector":"MultipleAnswer","DataVisibility":{"Private":false,"Hidden":false},"Configuration":{"QuestionDescriptionOption":"UseText","TextPosition":"inline","ChoiceColumnWidth":25,"RepeatHeaders":"none","WhiteSpace":"OFF","MobileFirst":true,"ChoiceColumnWidthPixels":564},"QuestionDescription":"Musica","Choices":{"1":{"Display":"Non ho nessuna formazione o talento riconosciuto in quest\u2019area (Passare alla sezione successiva)"},"2":{"Display":"Suono uno o pi\u00f9 strumenti con competenza"},"3":{"Display":"Ho suonato in un'orchestra o band riconosciuta"},"4":{"Display":"Ho composto un brano musicale originale"},"5":{"Display":"Il mio talento musicale \u00e8 stato discusso e criticato in una pubblicazione locale"},"6":{"Display":"Una mia composizione \u00e8 stata registrata"},"7":{"Display":"Le registrazioni delle mie composizioni sono state vendute al pubblico"}},"ChoiceOrder":[1,2,3,4,5,6,7],"Validation":{"Settings":{"ForceResponse":"OFF","Type":"None"}},"GradingData":[],"Language":[],"NextChoiceId":8,"NextAnswerId":3,"Answers":{"1":{"Display":"&nbsp;"}},"AnswerOrder":[1],"ChoiceDataExportTags":false,"QuestionText_Unsafe":"Fai clic per scrivere il testo della domanda","DataExportTag":"CAQ_2a","QuestionID":"QID8","DisplayLogic":{"0":{"0":{"ChoiceLocator":"q:\/\/QID38\/SelectableChoice\/2","Description":"<span class=\"ConjDesc\">Se<\/span> <span class=\"QuestionDesc\">Seleziona le aree in cui ti senti di possedere un maggiore talento o abilit\u00e0 rispetto alla persona media<\/span> <span class=\"LeftOpDesc\">Musica<\/span> <span class=\"OpDesc\">\u00e8 selezionato<\/span> ","LeftOperand":"q:\/\/QID38\/SelectableChoice\/2","LogicType":"Question","Operator":"Selected","QuestionID":"QID38","QuestionIDFromLocator":"QID38","QuestionIsInLoop":"no","Type":"Expression"},"Type":"If"},"Type":"BooleanExpression","inPage":false}}},{"SurveyID":"SV_097DArWlZCId250","Element":"SQ","PrimaryAttribute":"QID9","SecondaryAttribute":"Il mio talento musicale \u00e8 stato discusso e criticato in una pubblicazione nazionale\u00a0* (Scrivere u.","TertiaryAttribute":null,"Payload":{"QuestionText":"<span style=\"font-size:16px;\">Il mio talento musicale \u00e8 stato discusso e criticato in una pubblicazione nazionale&nbsp;* (Scrivere un numero)<\/span>","DefaultChoices":false,"QuestionType":"TE","Selector":"SL","DataVisibility":{"Private":false,"Hidden":false},"Configuration":{"QuestionDescriptionOption":"UseText"},"QuestionDescription":"Il mio talento musicale \u00e8 stato discusso e criticato in una pubblicazione nazionale\u00a0* (Scrivere u...","Validation":{"Settings":{"ForceResponse":"OFF","Type":"None"}},"GradingData":[],"Language":[],"NextChoiceId":4,"NextAnswerId":1,"SearchSource":{"AllowFreeResponse":"false"},"QuestionText_Unsafe":"Il mio lavoro \u00e8 stato discusso e criticato in pubblicazioni nazionali. (Scrivere un numero.)","DataExportTag":"CAQ_2b","QuestionID":"QID9","DisplayLogic":{"0":{"0":{"ChoiceLocator":"q:\/\/QID38\/SelectableChoice\/2","Description":"<span class=\"ConjDesc\">Se<\/span> <span class=\"QuestionDesc\">Seleziona le aree in cui ti senti di possedere un maggiore talento o abilit\u00e0 rispetto alla persona media<\/span> <span class=\"LeftOpDesc\">Musica<\/span> <span class=\"OpDesc\">\u00e8 selezionato<\/span> ","LeftOperand":"q:\/\/QID38\/SelectableChoice\/2","LogicType":"Question","Operator":"Selected","QuestionID":"QID38","QuestionIDFromLocator":"QID38","QuestionIsInLoop":"no","Type":"Expression"},"Type":"If"},"Type":"BooleanExpression","inPage":false}}},{"SurveyID":"SV_097DArWlZCId250","Element":"STAT","PrimaryAttribute":"Survey Statistics","SecondaryAttribute":null,"TertiaryAttribute":null,"Payload":{"MobileCompatible":true,"ID":"Survey Statistics"}}]}